
Microsoft Visual Studio Solution File, Format Version 12.00
# Visual Studio Version 17
VisualStudioVersion = 17.8.34322.80
MinimumVisualStudioVersion = 10.0.40219.1
Project("{FAE04EC0-301F-11D3-BF4B-00C04F79EFBC}") = "Weather", "Weather\Weather.csproj", "{991D1726-DA88-4123-A357-D9077B550F9F}"
EndProject
Global
	GlobalSection(SolutionConfigurationPlatforms) = preSolution
		Debug|Any CPU = Debug|Any CPU
		Release|Any CPU = Release|Any CPU
	EndGlobalSection
	GlobalSection(ProjectConfigurationPlatforms) = postSolution
		{991D1726-DA88-4123-A357-D9077B550F9F}.Debug|Any CPU.ActiveCfg = Debug|Any CPU
		{991D1726-DA88-4123-A357-D9077B550F9F}.Debug|Any CPU.Build.0 = Debug|Any CPU
		{991D1726-DA88-4123-A357-D9077B550F9F}.Release|Any CPU.ActiveCfg = Release|Any CPU
		{991D1726-DA88-4123-A357-D9077B550F9F}.Release|Any CPU.Build.0 = Release|Any CPU
	EndGlobalSection
	GlobalSection(SolutionProperties) = preSolution
		HideSolutionNode = FALSE
	EndGlobalSection
	GlobalSection(ExtensibilityGlobals) = postSolution
		SolutionGuid = {B980529A-E925-4393-A233-03E47C16483D}
	EndGlobalSection
EndGlobal
